
Microsoft Visual Studio Solution File, Format Version 12.00
# Visual Studio Version 16
VisualStudioVersion = 16.0.32228.343
MinimumVisualStudioVersion = 10.0.40219.1
Project("{FAE04EC0-301F-11D3-BF4B-00C04F79EFBC}") = "DevReview.API", "DevReview.API\DevReview.API.csproj", "{6C585714-787D-4658-A2C5-669AF3E92477}"
EndProject
Global
	GlobalSection(SolutionConfigurationPlatforms) = preSolution
		Debug|Any CPU = Debug|Any CPU
		Release|Any CPU = Release|Any CPU
	EndGlobalSection
	GlobalSection(ProjectConfigurationPlatforms) = postSolution
		{6C585714-787D-4658-A2C5-669AF3E92477}.Debug|Any CPU.ActiveCfg = Debug|Any CPU
		{6C585714-787D-4658-A2C5-669AF3E92477}.Debug|Any CPU.Build.0 = Debug|Any CPU
		{6C585714-787D-4658-A2C5-669AF3E92477}.Release|Any CPU.ActiveCfg = Release|Any CPU
		{6C585714-787D-4658-A2C5-669AF3E92477}.Release|Any CPU.Build.0 = Release|Any CPU
	EndGlobalSection
	GlobalSection(SolutionProperties) = preSolution
		HideSolutionNode = FALSE
	EndGlobalSection
	GlobalSection(ExtensibilityGlobals) = postSolution
		SolutionGuid = {109432E9-2080-4547-A93E-F16823635DF5}
	EndGlobalSection
EndGlobal
